// !$*UTF8*$!
{
	archiveVersion = 1;
	classes = {
	};
	objectVersion = 45;
	objects = {

/* Begin PBXBuildFile section */
		288AFF320F563D130085E73F /* CSVImporter.m in Sources */ = {isa = PBXBuildFile; fileRef = 288AFF310F563D130085E73F /* CSVImporter.m */; };
		288AFF370F563DBA0085E73F /* CoreData.framework in Frameworks */ = {isa = PBXBuildFile; fileRef = 288AFF360F563DBA0085E73F /* CoreData.framework */; };
		28D1EE320F5643310089643D /* Postcodes.xcdatamodel in Sources */ = {isa = PBXBuildFile; fileRef = 28D1EE310F5643310089643D /* Postcodes.xcdatamodel */; };
		8DD76F9C0486AA7600D96B5E /* Foundation.framework in Frameworks */ = {isa = PBXBuildFile; fileRef = 08FB779EFE84155DC02AAC07 /* Foundation.framework */; };
		C9524E8110C376B700770A0D /* CSVParser.m in Sources */ = {isa = PBXBuildFile; fileRef = C9524E8010C376B700770A0D /* CSVParser.m */; };
		C9524E8810C376DA00770A0D /* EntryReceiver.m in Sources */ = {isa = PBXBuildFile; fileRef = C9524E8710C376DA00770A0D /* EntryReceiver.m */; };
		C9524FA810C3A9A800770A0D /* NSManagedObjectContext+FetchAdditions.m in Sources */ = {isa = PBXBuildFile; fileRef = C9524FA710C3A9A800770A0D /* NSManagedObjectContext+FetchAdditions.m */; };
/* End PBXBuildFile section */

/* Begin PBXCopyFilesBuildPhase section */
		8DD76F9E0486AA7600D96B5E /* CopyFiles */ = {
			isa = PBXCopyFilesBuildPhase;
			buildActionMask = 8;
			dstPath = /usr/share/man/man1/;
			dstSubfolderSpec = 0;
			files = (
			);
			runOnlyForDeploymentPostprocessing = 1;
		};
/* End PBXCopyFilesBuildPhase section */

/* Begin PBXFileReference section */
		08FB779EFE84155DC02AAC07 /* Foundation.framework */ = {isa = PBXFileReference; lastKnownFileType = wrapper.framework; name = Foundation.framework; path = /System/Library/Frameworks/Foundation.framework; sourceTree = "<absolute>"; };
		288AFF310F563D130085E73F /* CSVImporter.m */ = {isa = PBXFileReference; fileEncoding = 4; lastKnownFileType = sourcecode.c.objc; path = CSVImporter.m; sourceTree = "<group>"; };
		288AFF330F563D1C0085E73F /* CSVImporter.1 */ = {isa = PBXFileReference; fileEncoding = 4; lastKnownFileType = text.man; path = CSVImporter.1; sourceTree = "<group>"; };
		288AFF340F563D390085E73F /* CSVImporter_Prefix.pch */ = {isa = PBXFileReference; fileEncoding = 4; lastKnownFileType = sourcecode.c.h; path = CSVImporter_Prefix.pch; sourceTree = "<group>"; };
		288AFF360F563DBA0085E73F /* CoreData.framework */ = {isa = PBXFileReference; lastKnownFileType = wrapper.framework; name = CoreData.framework; path = System/Library/Frameworks/CoreData.framework; sourceTree = SDKROOT; };
		28D1EE310F5643310089643D /* Postcodes.xcdatamodel */ = {isa = PBXFileReference; fileEncoding = 4; lastKnownFileType = wrapper.xcdatamodel; path = Postcodes.xcdatamodel; sourceTree = "<group>"; };
		8DD76FA10486AA7600D96B5E /* CSVImporter */ = {isa = PBXFileReference; explicitFileType = "compiled.mach-o.executable"; includeInIndex = 0; path = CSVImporter; sourceTree = BUILT_PRODUCTS_DIR; };
		C9524E7F10C376B700770A0D /* CSVParser.h */ = {isa = PBXFileReference; fileEncoding = 4; lastKnownFileType = sourcecode.c.h; path = CSVParser.h; sourceTree = "<group>"; };
		C9524E8010C376B700770A0D /* CSVParser.m */ = {isa = PBXFileReference; fileEncoding = 4; lastKnownFileType = sourcecode.c.objc; path = CSVParser.m; sourceTree = "<group>"; };
		C9524E8610C376DA00770A0D /* EntryReceiver.h */ = {isa = PBXFileReference; fileEncoding = 4; lastKnownFileType = sourcecode.c.h; path = EntryReceiver.h; sourceTree = "<group>"; };
		C9524E8710C376DA00770A0D /* EntryReceiver.m */ = {isa = PBXFileReference; fileEncoding = 4; lastKnownFileType = sourcecode.c.objc; path = EntryReceiver.m; sourceTree = "<group>"; };
		C9524FA610C3A9A800770A0D /* NSManagedObjectContext+FetchAdditions.h */ = {isa = PBXFileReference; fileEncoding = 4; lastKnownFileType = sourcecode.c.h; path = "NSManagedObjectContext+FetchAdditions.h"; sourceTree = "<group>"; };
		C9524FA710C3A9A800770A0D /* NSManagedObjectContext+FetchAdditions.m */ = {isa = PBXFileReference; fileEncoding = 4; lastKnownFileType = sourcecode.c.objc; path = "NSManagedObjectContext+FetchAdditions.m"; sourceTree = "<group>"; };
/* End PBXFileReference section */

/* Begin PBXFrameworksBuildPhase section */
		8DD76F9B0486AA7600D96B5E /* Frameworks */ = {
			isa = PBXFrameworksBuildPhase;
			buildActionMask = 2147483647;
			files = (
				8DD76F9C0486AA7600D96B5E /* Foundation.framework in Frameworks */,
				288AFF370F563DBA0085E73F /* CoreData.framework in Frameworks */,
			);
			runOnlyForDeploymentPostprocessing = 0;
		};
/* End PBXFrameworksBuildPhase section */

/* Begin PBXGroup section */
		08FB7794FE84155DC02AAC07 /* «PROJECTNAME» */ = {
			isa = PBXGroup;
			children = (
				08FB7795FE84155DC02AAC07 /* Source */,
				28D1EE350F56433F0089643D /* Model */,
				C6859EA2029092E104C91782 /* Documentation */,
				08FB779DFE84155DC02AAC07 /* External Frameworks and Libraries */,
				1AB674ADFE9D54B511CA2CBB /* Products */,
			);
			name = "«PROJECTNAME»";
			sourceTree = "<group>";
		};
		08FB7795FE84155DC02AAC07 /* Source */ = {
			isa = PBXGroup;
			children = (
				288AFF340F563D390085E73F /* CSVImporter_Prefix.pch */,
				288AFF310F563D130085E73F /* CSVImporter.m */,
				C9524E7F10C376B700770A0D /* CSVParser.h */,
				C9524E8010C376B700770A0D /* CSVParser.m */,
				C9524E8610C376DA00770A0D /* EntryReceiver.h */,
				C9524E8710C376DA00770A0D /* EntryReceiver.m */,
				C9524FA610C3A9A800770A0D /* NSManagedObjectContext+FetchAdditions.h */,
				C9524FA710C3A9A800770A0D /* NSManagedObjectContext+FetchAdditions.m */,
			);
			name = Source;
			sourceTree = "<group>";
		};
		08FB779DFE84155DC02AAC07 /* External Frameworks and Libraries */ = {
			isa = PBXGroup;
			children = (
				288AFF360F563DBA0085E73F /* CoreData.framework */,
				08FB779EFE84155DC02AAC07 /* Foundation.framework */,
			);
			name = "External Frameworks and Libraries";
			sourceTree = "<group>";
		};
		1AB674ADFE9D54B511CA2CBB /* Products */ = {
			isa = PBXGroup;
			children = (
				8DD76FA10486AA7600D96B5E /* CSVImporter */,
			);
			name = Products;
			sourceTree = "<group>";
		};
		28D1EE350F56433F0089643D /* Model */ = {
			isa = PBXGroup;
			children = (
				28D1EE310F5643310089643D /* Postcodes.xcdatamodel */,
			);
			name = Model;
			sourceTree = "<group>";
		};
		C6859EA2029092E104C91782 /* Documentation */ = {
			isa = PBXGroup;
			children = (
				288AFF330F563D1C0085E73F /* CSVImporter.1 */,
			);
			name = Documentation;
			sourceTree = "<group>";
		};
/* End PBXGroup section */

/* Begin PBXNativeTarget section */
		8DD76F960486AA7600D96B5E /* CSVImporter */ = {
			isa = PBXNativeTarget;
			buildConfigurationList = 1DEB927408733DD40010E9CD /* Build configuration list for PBXNativeTarget "CSVImporter" */;
			buildPhases = (
				8DD76F990486AA7600D96B5E /* Sources */,
				8DD76F9B0486AA7600D96B5E /* Frameworks */,
				8DD76F9E0486AA7600D96B5E /* CopyFiles */,
			);
			buildRules = (
			);
			dependencies = (
			);
			name = CSVImporter;
			productInstallPath = "$(HOME)/bin";
			productName = "«PROJECTNAME»";
			productReference = 8DD76FA10486AA7600D96B5E /* CSVImporter */;
			productType = "com.apple.product-type.tool";
		};
/* End PBXNativeTarget section */

/* Begin PBXProject section */
		08FB7793FE84155DC02AAC07 /* Project object */ = {
			isa = PBXProject;
			buildConfigurationList = 1DEB927808733DD40010E9CD /* Build configuration list for PBXProject "CSVImporter" */;
			compatibilityVersion = "Xcode 3.1";
			developmentRegion = English;
			hasScannedForEncodings = 1;
			knownRegions = (
				English,
				Japanese,
				French,
				German,
			);
			mainGroup = 08FB7794FE84155DC02AAC07 /* «PROJECTNAME» */;
			projectDirPath = "";
			projectRoot = "";
			targets = (
				8DD76F960486AA7600D96B5E /* CSVImporter */,
			);
		};
/* End PBXProject section */

/* Begin PBXSourcesBuildPhase section */
		8DD76F990486AA7600D96B5E /* Sources */ = {
			isa = PBXSourcesBuildPhase;
			buildActionMask = 2147483647;
			files = (
				288AFF320F563D130085E73F /* CSVImporter.m in Sources */,
				28D1EE320F5643310089643D /* Postcodes.xcdatamodel in Sources */,
				C9524E8110C376B700770A0D /* CSVParser.m in Sources */,
				C9524E8810C376DA00770A0D /* EntryReceiver.m in Sources */,
				C9524FA810C3A9A800770A0D /* NSManagedObjectContext+FetchAdditions.m in Sources */,
			);
			runOnlyForDeploymentPostprocessing = 0;
		};
/* End PBXSourcesBuildPhase section */

/* Begin XCBuildConfiguration section */
		1DEB927508733DD40010E9CD /* Debug */ = {
			isa = XCBuildConfiguration;
			buildSettings = {
				ALWAYS_SEARCH_USER_PATHS = NO;
				COPY_PHASE_STRIP = NO;
				GCC_DYNAMIC_NO_PIC = NO;
				GCC_ENABLE_FIX_AND_CONTINUE = YES;
				GCC_MODEL_TUNING = G5;
				GCC_OPTIMIZATION_LEVEL = 0;
				GCC_PRECOMPILE_PREFIX_HEADER = YES;
				GCC_PREFIX_HEADER = CSVImporter_Prefix.pch;
				INSTALL_PATH = /usr/local/bin;
				PRODUCT_NAME = CSVImporter;
			};
			name = Debug;
		};
		1DEB927608733DD40010E9CD /* Release */ = {
			isa = XCBuildConfiguration;
			buildSettings = {
				ALWAYS_SEARCH_USER_PATHS = NO;
				DEBUG_INFORMATION_FORMAT = "dwarf-with-dsym";
				GCC_MODEL_TUNING = G5;
				GCC_PRECOMPILE_PREFIX_HEADER = YES;
				GCC_PREFIX_HEADER = CSVImporter_Prefix.pch;
				INSTALL_PATH = /usr/local/bin;
				PRODUCT_NAME = CSVImporter;
			};
			name = Release;
		};
		1DEB927908733DD40010E9CD /* Debug */ = {
			isa = XCBuildConfiguration;
			buildSettings = {
				ARCHS = "$(ARCHS_STANDARD_32_64_BIT)";
				GCC_C_LANGUAGE_STANDARD = c99;
				GCC_ENABLE_OBJC_GC = unsupported;
				GCC_WARN_ABOUT_RETURN_TYPE = YES;
				GCC_WARN_UNUSED_VARIABLE = YES;
				ONLY_ACTIVE_ARCH = YES;
				PREBINDING = NO;
				SDKROOT = macosx10.6;
			};
			name = Debug;
		};
		1DEB927A08733DD40010E9CD /* Release */ = {
			isa = XCBuildConfiguration;
			buildSettings = {
				ARCHS = "$(ARCHS_STANDARD_32_64_BIT)";
				GCC_C_LANGUAGE_STANDARD = c99;
				GCC_ENABLE_OBJC_GC = unsupported;
				GCC_WARN_ABOUT_RETURN_TYPE = YES;
				GCC_WARN_UNUSED_VARIABLE = YES;
				PREBINDING = NO;
				SDKROOT = macosx10.6;
			};
			name = Release;
		};
/* End XCBuildConfiguration section */

/* Begin XCConfigurationList section */
		1DEB927408733DD40010E9CD /* Build configuration list for PBXNativeTarget "CSVImporter" */ = {
			isa = XCConfigurationList;
			buildConfigurations = (
				1DEB927508733DD40010E9CD /* Debug */,
				1DEB927608733DD40010E9CD /* Release */,
			);
			defaultConfigurationIsVisible = 0;
			defaultConfigurationName = Release;
		};
		1DEB927808733DD40010E9CD /* Build configuration list for PBXProject "CSVImporter" */ = {
			isa = XCConfigurationList;
			buildConfigurations = (
				1DEB927908733DD40010E9CD /* Debug */,
				1DEB927A08733DD40010E9CD /* Release */,
			);
			defaultConfigurationIsVisible = 0;
			defaultConfigurationName = Release;
		};
/* End XCConfigurationList section */
	};
	rootObject = 08FB7793FE84155DC02AAC07 /* Project object */;
}
